// !$*UTF8*$!
{
	archiveVersion = 1;
	classes = {
	};
	objectVersion = 46;
	objects = {

/* Begin PBXBuildFile section */
		AC118A321ABCA1BC00A1915C /* mainTabbarController.swift in Sources */ = {isa = PBXBuildFile; fileRef = AC118A311ABCA1BC00A1915C /* mainTabbarController.swift */; };
		AC19A00C1AB56EFD00167523 /* AppDelegate.swift in Sources */ = {isa = PBXBuildFile; fileRef = AC19A00B1AB56EFD00167523 /* AppDelegate.swift */; };
		AC19A00E1AB56EFD00167523 /* ViewController.swift in Sources */ = {isa = PBXBuildFile; fileRef = AC19A00D1AB56EFD00167523 /* ViewController.swift */; };
		AC19A0131AB56EFD00167523 /* Images.xcassets in Resources */ = {isa = PBXBuildFile; fileRef = AC19A0121AB56EFD00167523 /* Images.xcassets */; };
		AC19A0221AB56EFD00167523 /* mixiTests.swift in Sources */ = {isa = PBXBuildFile; fileRef = AC19A0211AB56EFD00167523 /* mixiTests.swift */; };
		AC19B47E1ABD66BD00E332C1 /* ExtendingUIButton.swift in Sources */ = {isa = PBXBuildFile; fileRef = AC19B47D1ABD66BD00E332C1 /* ExtendingUIButton.swift */; };
		AC1CF6A31AB71A0D0095B58C /* ExtendingUIImage.swift in Sources */ = {isa = PBXBuildFile; fileRef = AC1CF6A21AB71A0D0095B58C /* ExtendingUIImage.swift */; };
		AC1CF6A71AB73E1F0095B58C /* InputInfomationViewController.swift in Sources */ = {isa = PBXBuildFile; fileRef = AC1CF6A61AB73E1F0095B58C /* InputInfomationViewController.swift */; };
		AC30A3951AB9618D001054B9 /* mainColor.swift in Sources */ = {isa = PBXBuildFile; fileRef = AC30A3941AB9618D001054B9 /* mainColor.swift */; };
		AC30A3971AB9960D001054B9 /* registerInfo.swift in Sources */ = {isa = PBXBuildFile; fileRef = AC30A3961AB9960D001054B9 /* registerInfo.swift */; };
		AC37DFCF1AB57ABD00AA6B53 /* Default@2x.png in Resources */ = {isa = PBXBuildFile; fileRef = AC37DFCE1AB57ABD00AA6B53 /* Default@2x.png */; };
		AC37DFD31AB57B2B00AA6B53 /* Default-568h@2x.png in Resources */ = {isa = PBXBuildFile; fileRef = AC37DFD21AB57B2B00AA6B53 /* Default-568h@2x.png */; };
		AC7CD2091ABF1351007E2B20 /* DaRenViewController.swift in Sources */ = {isa = PBXBuildFile; fileRef = AC7CD2081ABF1351007E2B20 /* DaRenViewController.swift */; };
		AC7CD20B1ABF1375007E2B20 /* HunLiBuZhiViewController.swift in Sources */ = {isa = PBXBuildFile; fileRef = AC7CD20A1ABF1375007E2B20 /* HunLiBuZhiViewController.swift */; };
		AC7CD20D1ABF171D007E2B20 /* RegisterViewController.swift in Sources */ = {isa = PBXBuildFile; fileRef = AC7CD20C1ABF171D007E2B20 /* RegisterViewController.swift */; };
		ACD1EEC91ABEEB60007189A2 /* SlideBarViewController.swift in Sources */ = {isa = PBXBuildFile; fileRef = ACD1EEC71ABEEB60007189A2 /* SlideBarViewController.swift */; };
		ACD1EECC1ABEF5E1007189A2 /* SlideViewController.swift in Sources */ = {isa = PBXBuildFile; fileRef = ACD1EECB1ABEF5E1007189A2 /* SlideViewController.swift */; };
		ACF5D7C01ABEB0D300F5904B /* UserCenterTableViewController.swift in Sources */ = {isa = PBXBuildFile; fileRef = ACF5D7BF1ABEB0D300F5904B /* UserCenterTableViewController.swift */; };
		FE1DCEEF1AD2F272001F900D /* DaRenPhotoTableViewController.swift in Sources */ = {isa = PBXBuildFile; fileRef = FE1DCEED1AD2F272001F900D /* DaRenPhotoTableViewController.swift */; };
		FE1DCEF21AD2FC9F001F900D /* DaRenPhotoTableViewCell.swift in Sources */ = {isa = PBXBuildFile; fileRef = FE1DCEF11AD2FC9F001F900D /* DaRenPhotoTableViewCell.swift */; };
		FE27DD2E1AC937F8003A1F2E /* HunLiBuZhiTableViewController.swift in Sources */ = {isa = PBXBuildFile; fileRef = FE27DD2D1AC937F8003A1F2E /* HunLiBuZhiTableViewController.swift */; };
		FE27DD301AC940FB003A1F2E /* HunLiBuZhiTableViewCell.swift in Sources */ = {isa = PBXBuildFile; fileRef = FE27DD2F1AC940FB003A1F2E /* HunLiBuZhiTableViewCell.swift */; };
		FE30134B1AE28A3500003FE2 /* DiscoverDetailedTableViewCell.swift in Sources */ = {isa = PBXBuildFile; fileRef = FE30134A1AE28A3500003FE2 /* DiscoverDetailedTableViewCell.swift */; };
		FE3013571AE293AE00003FE2 /* Main.storyboard in Resources */ = {isa = PBXBuildFile; fileRef = FE3013561AE293AE00003FE2 /* Main.storyboard */; };
		FE6823951AD9B7A700BCAAD4 /* BookedBuZhiTableViewCell.swift in Sources */ = {isa = PBXBuildFile; fileRef = FE6823941AD9B7A700BCAAD4 /* BookedBuZhiTableViewCell.swift */; };
		FE68239F1AD9B84000BCAAD4 /* BookedDaRenTableViewCell.swift in Sources */ = {isa = PBXBuildFile; fileRef = FE68239E1AD9B84000BCAAD4 /* BookedDaRenTableViewCell.swift */; };
		FE6823B51AD9DD5500BCAAD4 /* PersonalCenterViewController.swift in Sources */ = {isa = PBXBuildFile; fileRef = FE6823B41AD9DD5500BCAAD4 /* PersonalCenterViewController.swift */; };
		FE8081A71AC6F05D00A70DE3 /* DaRenTableViewController.swift in Sources */ = {isa = PBXBuildFile; fileRef = FE8081A61AC6F05D00A70DE3 /* DaRenTableViewController.swift */; };
		FE8081A91AC6F0C500A70DE3 /* DaRenTableViewCell.swift in Sources */ = {isa = PBXBuildFile; fileRef = FE8081A81AC6F0C500A70DE3 /* DaRenTableViewCell.swift */; };
		FE929E991ACB82160095F04A /* DaRenHeader.xib in Resources */ = {isa = PBXBuildFile; fileRef = FE929E981ACB82160095F04A /* DaRenHeader.xib */; };
		FE9598761AE2B183005F73CE /* MessageBubbleCell.swift in Sources */ = {isa = PBXBuildFile; fileRef = FE9598751AE2B183005F73CE /* MessageBubbleCell.swift */; };
		FE9598781AE2B231005F73CE /* Message.swift in Sources */ = {isa = PBXBuildFile; fileRef = FE9598771AE2B231005F73CE /* Message.swift */; };
		FE97600B1AC85A290041486D /* MBProgressHUD.m in Sources */ = {isa = PBXBuildFile; fileRef = FE97600A1AC85A290041486D /* MBProgressHUD.m */; };
		FE9B17F11ACB347D0052A9FD /* DaRenExcelView.swift in Sources */ = {isa = PBXBuildFile; fileRef = FE9B17F01ACB347D0052A9FD /* DaRenExcelView.swift */; };
		FEB71A4E1ADCFEFA00F7B87F /* DiscoverTableViewController.swift in Sources */ = {isa = PBXBuildFile; fileRef = FEB71A4D1ADCFEFA00F7B87F /* DiscoverTableViewController.swift */; };
		FEB71A541ADD03A000F7B87F /* DiscoverTableViewCell.swift in Sources */ = {isa = PBXBuildFile; fileRef = FEB71A531ADD03A000F7B87F /* DiscoverTableViewCell.swift */; };
		FEB71A581ADD195500F7B87F /* DiscoverData.swift in Sources */ = {isa = PBXBuildFile; fileRef = FEB71A571ADD195500F7B87F /* DiscoverData.swift */; };
		FEBCF2CB1ADA014500E68BE7 /* CustomerServiceViewController.swift in Sources */ = {isa = PBXBuildFile; fileRef = FEBCF2CA1ADA014400E68BE7 /* CustomerServiceViewController.swift */; };
		FEBCF2D31ADA0B1600E68BE7 /* InquiryChatTableViewController.swift in Sources */ = {isa = PBXBuildFile; fileRef = FEBCF2D21ADA0B1600E68BE7 /* InquiryChatTableViewController.swift */; };
		FEBCF2DD1ADA0BDA00E68BE7 /* ComplainViewController.swift in Sources */ = {isa = PBXBuildFile; fileRef = FEBCF2DC1ADA0BDA00E68BE7 /* ComplainViewController.swift */; };
		FEBCF2DF1ADA10BC00E68BE7 /* ChatTableViewCell.swift in Sources */ = {isa = PBXBuildFile; fileRef = FEBCF2DE1ADA10BC00E68BE7 /* ChatTableViewCell.swift */; };
		FEBCF2E11ADA118800E68BE7 /* ChatOppTableViewCell.swift in Sources */ = {isa = PBXBuildFile; fileRef = FEBCF2E01ADA118800E68BE7 /* ChatOppTableViewCell.swift */; };
		FEBCF2EF1ADA22C100E68BE7 /* ChatData.swift in Sources */ = {isa = PBXBuildFile; fileRef = FEBCF2EE1ADA22C100E68BE7 /* ChatData.swift */; };
		FEDFADAA1AC0093E0005464A /* TabBarView.xib in Resources */ = {isa = PBXBuildFile; fileRef = FEDFADA91AC0093D0005464A /* TabBarView.xib */; };
		FEDFADAC1AC021D70005464A /* MyTabBarButton.swift in Sources */ = {isa = PBXBuildFile; fileRef = FEDFADAB1AC021D70005464A /* MyTabBarButton.swift */; };
		FEDFADAE1AC023610005464A /* MyTabBar.swift in Sources */ = {isa = PBXBuildFile; fileRef = FEDFADAD1AC023610005464A /* MyTabBar.swift */; };
		FEDFADB01AC047E10005464A /* HeartTabBsrButton.swift in Sources */ = {isa = PBXBuildFile; fileRef = FEDFADAF1AC047E10005464A /* HeartTabBsrButton.swift */; };
		FEEE33891AD3F74B00707AE1 /* DaRenCommentTableViewController.swift in Sources */ = {isa = PBXBuildFile; fileRef = FEEE33881AD3F74B00707AE1 /* DaRenCommentTableViewController.swift */; };
		FEEE33BD1AD4042900707AE1 /* DaRenCommentTableViewCell.swift in Sources */ = {isa = PBXBuildFile; fileRef = FEEE33BC1AD4042900707AE1 /* DaRenCommentTableViewCell.swift */; };
		FEEEF80C1AC183A30050B0D0 /* DaRenDetailViewController.swift in Sources */ = {isa = PBXBuildFile; fileRef = FEEEF80B1AC183A30050B0D0 /* DaRenDetailViewController.swift */; };
		FEEEF8141AC198ED0050B0D0 /* DaRenHeaderView.swift in Sources */ = {isa = PBXBuildFile; fileRef = FEEEF8131AC198ED0050B0D0 /* DaRenHeaderView.swift */; };
		FEEEF8161AC1A64D0050B0D0 /* MyNavigationViewController.swift in Sources */ = {isa = PBXBuildFile; fileRef = FEEEF8151AC1A64D0050B0D0 /* MyNavigationViewController.swift */; };
/* End PBXBuildFile section */

/* Begin PBXContainerItemProxy section */
		AC19A01C1AB56EFD00167523 /* PBXContainerItemProxy */ = {
			isa = PBXContainerItemProxy;
			containerPortal = AC199FFE1AB56EFD00167523 /* Project object */;
			proxyType = 1;
			remoteGlobalIDString = AC19A0051AB56EFD00167523;
			remoteInfo = mixi;
		};
/* End PBXContainerItemProxy section */

/* Begin PBXFileReference section */
		AC118A311ABCA1BC00A1915C /* mainTabbarController.swift */ = {isa = PBXFileReference; fileEncoding = 4; lastKnownFileType = sourcecode.swift; name = mainTabbarController.swift; path = MiXi/mainTabbarController.swift; sourceTree = SOURCE_ROOT; };
		AC19A0061AB56EFD00167523 /* mixi.app */ = {isa = PBXFileReference; explicitFileType = wrapper.application; includeInIndex = 0; path = mixi.app; sourceTree = BUILT_PRODUCTS_DIR; };
		AC19A00A1AB56EFD00167523 /* Info.plist */ = {isa = PBXFileReference; lastKnownFileType = text.plist.xml; path = Info.plist; sourceTree = "<group>"; };
		AC19A00B1AB56EFD00167523 /* AppDelegate.swift */ = {isa = PBXFileReference; lastKnownFileType = sourcecode.swift; path = AppDelegate.swift; sourceTree = "<group>"; };
		AC19A00D1AB56EFD00167523 /* ViewController.swift */ = {isa = PBXFileReference; lastKnownFileType = sourcecode.swift; path = ViewController.swift; sourceTree = "<group>"; };
		AC19A0121AB56EFD00167523 /* Images.xcassets */ = {isa = PBXFileReference; lastKnownFileType = folder.assetcatalog; path = Images.xcassets; sourceTree = "<group>"; };
		AC19A01B1AB56EFD00167523 /* mixiTests.xctest */ = {isa = PBXFileReference; explicitFileType = wrapper.cfbundle; includeInIndex = 0; path = mixiTests.xctest; sourceTree = BUILT_PRODUCTS_DIR; };
		AC19A0201AB56EFD00167523 /* Info.plist */ = {isa = PBXFileReference; lastKnownFileType = text.plist.xml; path = Info.plist; sourceTree = "<group>"; };
		AC19A0211AB56EFD00167523 /* mixiTests.swift */ = {isa = PBXFileReference; lastKnownFileType = sourcecode.swift; path = mixiTests.swift; sourceTree = "<group>"; };
		AC19B47D1ABD66BD00E332C1 /* ExtendingUIButton.swift */ = {isa = PBXFileReference; fileEncoding = 4; lastKnownFileType = sourcecode.swift; name = ExtendingUIButton.swift; path = MiXi/ExtendingUIButton.swift; sourceTree = SOURCE_ROOT; };
		AC1CF6A21AB71A0D0095B58C /* ExtendingUIImage.swift */ = {isa = PBXFileReference; fileEncoding = 4; lastKnownFileType = sourcecode.swift; name = ExtendingUIImage.swift; path = MiXi/ExtendingUIImage.swift; sourceTree = SOURCE_ROOT; };
		AC1CF6A61AB73E1F0095B58C /* InputInfomationViewController.swift */ = {isa = PBXFileReference; fileEncoding = 4; lastKnownFileType = sourcecode.swift; name = InputInfomationViewController.swift; path = MiXi/InputInfomationViewController.swift; sourceTree = SOURCE_ROOT; };
		AC30A3941AB9618D001054B9 /* mainColor.swift */ = {isa = PBXFileReference; fileEncoding = 4; lastKnownFileType = sourcecode.swift; name = mainColor.swift; path = MiXi/mainColor.swift; sourceTree = SOURCE_ROOT; };
		AC30A3961AB9960D001054B9 /* registerInfo.swift */ = {isa = PBXFileReference; fileEncoding = 4; lastKnownFileType = sourcecode.swift; path = registerInfo.swift; sourceTree = "<group>"; };
		AC37DFCE1AB57ABD00AA6B53 /* Default@2x.png */ = {isa = PBXFileReference; lastKnownFileType = image.png; name = "Default@2x.png"; path = "../Default@2x.png"; sourceTree = "<group>"; };
		AC37DFD21AB57B2B00AA6B53 /* Default-568h@2x.png */ = {isa = PBXFileReference; lastKnownFileType = image.png; name = "Default-568h@2x.png"; path = "../Default-568h@2x.png"; sourceTree = "<group>"; };
		AC7CD2081ABF1351007E2B20 /* DaRenViewController.swift */ = {isa = PBXFileReference; fileEncoding = 4; lastKnownFileType = sourcecode.swift; name = DaRenViewController.swift; path = MiXi/DaRenViewController.swift; sourceTree = SOURCE_ROOT; };
		AC7CD20A1ABF1375007E2B20 /* HunLiBuZhiViewController.swift */ = {isa = PBXFileReference; fileEncoding = 4; lastKnownFileType = sourcecode.swift; name = HunLiBuZhiViewController.swift; path = MiXi/HunLiBuZhiViewController.swift; sourceTree = SOURCE_ROOT; };
		AC7CD20C1ABF171D007E2B20 /* RegisterViewController.swift */ = {isa = PBXFileReference; fileEncoding = 4; lastKnownFileType = sourcecode.swift; name = RegisterViewController.swift; path = MiXi/RegisterViewController.swift; sourceTree = SOURCE_ROOT; };
		AC7CD26F1ABF1F4C007E2B20 /* mixi-Bridging-Header.h */ = {isa = PBXFileReference; fileEncoding = 4; lastKnownFileType = sourcecode.c.h; path = "mixi-Bridging-Header.h"; sourceTree = SOURCE_ROOT; };
		ACD1EEC71ABEEB60007189A2 /* SlideBarViewController.swift */ = {isa = PBXFileReference; fileEncoding = 4; lastKnownFileType = sourcecode.swift; name = SlideBarViewController.swift; path = MiXi/SlideBarViewController.swift; sourceTree = SOURCE_ROOT; };
		ACD1EECB1ABEF5E1007189A2 /* SlideViewController.swift */ = {isa = PBXFileReference; fileEncoding = 4; lastKnownFileType = sourcecode.swift; name = SlideViewController.swift; path = MiXi/SlideViewController.swift; sourceTree = SOURCE_ROOT; };
		ACF5D7BF1ABEB0D300F5904B /* UserCenterTableViewController.swift */ = {isa = PBXFileReference; fileEncoding = 4; lastKnownFileType = sourcecode.swift; name = UserCenterTableViewController.swift; path = MiXi/UserCenterTableViewController.swift; sourceTree = SOURCE_ROOT; };
		FE1DCEED1AD2F272001F900D /* DaRenPhotoTableViewController.swift */ = {isa = PBXFileReference; fileEncoding = 4; lastKnownFileType = sourcecode.swift; name = DaRenPhotoTableViewController.swift; path = MiXi/DaRenPhotoTableViewController.swift; sourceTree = SOURCE_ROOT; };
		FE1DCEF11AD2FC9F001F900D /* DaRenPhotoTableViewCell.swift */ = {isa = PBXFileReference; fileEncoding = 4; lastKnownFileType = sourcecode.swift; name = DaRenPhotoTableViewCell.swift; path = MiXi/DaRenPhotoTableViewCell.swift; sourceTree = SOURCE_ROOT; };
		FE27DD2D1AC937F8003A1F2E /* HunLiBuZhiTableViewController.swift */ = {isa = PBXFileReference; fileEncoding = 4; lastKnownFileType = sourcecode.swift; name = HunLiBuZhiTableViewController.swift; path = MiXi/HunLiBuZhiTableViewController.swift; sourceTree = SOURCE_ROOT; };
		FE27DD2F1AC940FB003A1F2E /* HunLiBuZhiTableViewCell.swift */ = {isa = PBXFileReference; fileEncoding = 4; lastKnownFileType = sourcecode.swift; name = HunLiBuZhiTableViewCell.swift; path = MiXi/HunLiBuZhiTableViewCell.swift; sourceTree = SOURCE_ROOT; };
		FE30134A1AE28A3500003FE2 /* DiscoverDetailedTableViewCell.swift */ = {isa = PBXFileReference; fileEncoding = 4; lastKnownFileType = sourcecode.swift; name = DiscoverDetailedTableViewCell.swift; path = MiXi/DiscoverDetailedTableViewCell.swift; sourceTree = SOURCE_ROOT; };
		FE3013561AE293AE00003FE2 /* Main.storyboard */ = {isa = PBXFileReference; fileEncoding = 4; lastKnownFileType = file.storyboard; path = Main.storyboard; sourceTree = "<group>"; };
		FE6823941AD9B7A700BCAAD4 /* BookedBuZhiTableViewCell.swift */ = {isa = PBXFileReference; fileEncoding = 4; lastKnownFileType = sourcecode.swift; name = BookedBuZhiTableViewCell.swift; path = MiXi/BookedBuZhiTableViewCell.swift; sourceTree = SOURCE_ROOT; };
		FE68239E1AD9B84000BCAAD4 /* BookedDaRenTableViewCell.swift */ = {isa = PBXFileReference; fileEncoding = 4; lastKnownFileType = sourcecode.swift; path = BookedDaRenTableViewCell.swift; sourceTree = "<group>"; };
		FE6823B41AD9DD5500BCAAD4 /* PersonalCenterViewController.swift */ = {isa = PBXFileReference; fileEncoding = 4; lastKnownFileType = sourcecode.swift; path = PersonalCenterViewController.swift; sourceTree = "<group>"; };
		FE8081A61AC6F05D00A70DE3 /* DaRenTableViewController.swift */ = {isa = PBXFileReference; fileEncoding = 4; lastKnownFileType = sourcecode.swift; name = DaRenTableViewController.swift; path = MiXi/DaRenTableViewController.swift; sourceTree = SOURCE_ROOT; };
		FE8081A81AC6F0C500A70DE3 /* DaRenTableViewCell.swift */ = {isa = PBXFileReference; fileEncoding = 4; lastKnownFileType = sourcecode.swift; name = DaRenTableViewCell.swift; path = MiXi/DaRenTableViewCell.swift; sourceTree = SOURCE_ROOT; };
		FE929E981ACB82160095F04A /* DaRenHeader.xib */ = {isa = PBXFileReference; fileEncoding = 4; lastKnownFileType = file.xib; path = DaRenHeader.xib; sourceTree = "<group>"; };
		FE9598751AE2B183005F73CE /* MessageBubbleCell.swift */ = {isa = PBXFileReference; fileEncoding = 4; lastKnownFileType = sourcecode.swift; path = MessageBubbleCell.swift; sourceTree = "<group>"; };
		FE9598771AE2B231005F73CE /* Message.swift */ = {isa = PBXFileReference; fileEncoding = 4; lastKnownFileType = sourcecode.swift; path = Message.swift; sourceTree = "<group>"; };
		FE9760091AC85A290041486D /* MBProgressHUD.h */ = {isa = PBXFileReference; fileEncoding = 4; lastKnownFileType = sourcecode.c.h; path = MBProgressHUD.h; sourceTree = "<group>"; };
		FE97600A1AC85A290041486D /* MBProgressHUD.m */ = {isa = PBXFileReference; fileEncoding = 4; lastKnownFileType = sourcecode.c.objc; path = MBProgressHUD.m; sourceTree = "<group>"; };
		FE9B17F01ACB347D0052A9FD /* DaRenExcelView.swift */ = {isa = PBXFileReference; fileEncoding = 4; lastKnownFileType = sourcecode.swift; name = DaRenExcelView.swift; path = MiXi/DaRenExcelView.swift; sourceTree = SOURCE_ROOT; };
		FEB71A4D1ADCFEFA00F7B87F /* DiscoverTableViewController.swift */ = {isa = PBXFileReference; fileEncoding = 4; lastKnownFileType = sourcecode.swift; path = DiscoverTableViewController.swift; sourceTree = "<group>"; };
		FEB71A531ADD03A000F7B87F /* DiscoverTableViewCell.swift */ = {isa = PBXFileReference; fileEncoding = 4; lastKnownFileType = sourcecode.swift; path = DiscoverTableViewCell.swift; sourceTree = "<group>"; };
		FEB71A571ADD195500F7B87F /* DiscoverData.swift */ = {isa = PBXFileReference; fileEncoding = 4; lastKnownFileType = sourcecode.swift; name = DiscoverData.swift; path = MiXi/DiscoverData.swift; sourceTree = SOURCE_ROOT; };
		FEBCF2CA1ADA014400E68BE7 /* CustomerServiceViewController.swift */ = {isa = PBXFileReference; fileEncoding = 4; lastKnownFileType = sourcecode.swift; name = CustomerServiceViewController.swift; path = MiXi/CustomerServiceViewController.swift; sourceTree = SOURCE_ROOT; };
		FEBCF2D21ADA0B1600E68BE7 /* InquiryChatTableViewController.swift */ = {isa = PBXFileReference; fileEncoding = 4; lastKnownFileType = sourcecode.swift; name = InquiryChatTableViewController.swift; path = MiXi/InquiryChatTableViewController.swift; sourceTree = SOURCE_ROOT; };
		FEBCF2DC1ADA0BDA00E68BE7 /* ComplainViewController.swift */ = {isa = PBXFileReference; fileEncoding = 4; lastKnownFileType = sourcecode.swift; path = ComplainViewController.swift; sourceTree = "<group>"; };
		FEBCF2DE1ADA10BC00E68BE7 /* ChatTableViewCell.swift */ = {isa = PBXFileReference; fileEncoding = 4; lastKnownFileType = sourcecode.swift; name = ChatTableViewCell.swift; path = MiXi/ChatTableViewCell.swift; sourceTree = SOURCE_ROOT; };
		FEBCF2E01ADA118800E68BE7 /* ChatOppTableViewCell.swift */ = {isa = PBXFileReference; fileEncoding = 4; lastKnownFileType = sourcecode.swift; name = ChatOppTableViewCell.swift; path = MiXi/ChatOppTableViewCell.swift; sourceTree = SOURCE_ROOT; };
		FEBCF2EE1ADA22C100E68BE7 /* ChatData.swift */ = {isa = PBXFileReference; fileEncoding = 4; lastKnownFileType = sourcecode.swift; name = ChatData.swift; path = MiXi/ChatData.swift; sourceTree = SOURCE_ROOT; };
		FEDFADA91AC0093D0005464A /* TabBarView.xib */ = {isa = PBXFileReference; fileEncoding = 4; lastKnownFileType = file.xib; name = TabBarView.xib; path = MiXi/TabBarView.xib; sourceTree = SOURCE_ROOT; };
		FEDFADAB1AC021D70005464A /* MyTabBarButton.swift */ = {isa = PBXFileReference; fileEncoding = 4; lastKnownFileType = sourcecode.swift; name = MyTabBarButton.swift; path = MiXi/MyTabBarButton.swift; sourceTree = SOURCE_ROOT; };
		FEDFADAD1AC023610005464A /* MyTabBar.swift */ = {isa = PBXFileReference; fileEncoding = 4; lastKnownFileType = sourcecode.swift; name = MyTabBar.swift; path = MiXi/MyTabBar.swift; sourceTree = SOURCE_ROOT; };
		FEDFADAF1AC047E10005464A /* HeartTabBsrButton.swift */ = {isa = PBXFileReference; fileEncoding = 4; lastKnownFileType = sourcecode.swift; name = HeartTabBsrButton.swift; path = MiXi/HeartTabBsrButton.swift; sourceTree = SOURCE_ROOT; };
		FEEE33881AD3F74B00707AE1 /* DaRenCommentTableViewController.swift */ = {isa = PBXFileReference; fileEncoding = 4; lastKnownFileType = sourcecode.swift; name = DaRenCommentTableViewController.swift; path = MiXi/DaRenCommentTableViewController.swift; sourceTree = SOURCE_ROOT; };
		FEEE33BC1AD4042900707AE1 /* DaRenCommentTableViewCell.swift */ = {isa = PBXFileReference; fileEncoding = 4; lastKnownFileType = sourcecode.swift; name = DaRenCommentTableViewCell.swift; path = MiXi/DaRenCommentTableViewCell.swift; sourceTree = SOURCE_ROOT; };
		FEEEF80B1AC183A30050B0D0 /* DaRenDetailViewController.swift */ = {isa = PBXFileReference; fileEncoding = 4; lastKnownFileType = sourcecode.swift; name = DaRenDetailViewController.swift; path = MiXi/DaRenDetailViewController.swift; sourceTree = SOURCE_ROOT; };
		FEEEF8131AC198ED0050B0D0 /* DaRenHeaderView.swift */ = {isa = PBXFileReference; fileEncoding = 4; lastKnownFileType = sourcecode.swift; name = DaRenHeaderView.swift; path = MiXi/DaRenHeaderView.swift; sourceTree = SOURCE_ROOT; };
		FEEEF8151AC1A64D0050B0D0 /* MyNavigationViewController.swift */ = {isa = PBXFileReference; fileEncoding = 4; lastKnownFileType = sourcecode.swift; name = MyNavigationViewController.swift; path = MiXi/MyNavigationViewController.swift; sourceTree = SOURCE_ROOT; };
/* End PBXFileReference section */

/* Begin PBXFrameworksBuildPhase section */
		AC19A0031AB56EFD00167523 /* Frameworks */ = {
			isa = PBXFrameworksBuildPhase;
			buildActionMask = 2147483647;
			files = (
			);
			runOnlyForDeploymentPostprocessing = 0;
		};
		AC19A0181AB56EFD00167523 /* Frameworks */ = {
			isa = PBXFrameworksBuildPhase;
			buildActionMask = 2147483647;
			files = (
			);
			runOnlyForDeploymentPostprocessing = 0;
		};
/* End PBXFrameworksBuildPhase section */

/* Begin PBXGroup section */
		AC199FFD1AB56EFD00167523 = {
			isa = PBXGroup;
			children = (
				AC19A0081AB56EFD00167523 /* mixi */,
				AC19A01E1AB56EFD00167523 /* mixiTests */,
				AC19A0071AB56EFD00167523 /* Products */,
			);
			sourceTree = "<group>";
		};
		AC19A0071AB56EFD00167523 /* Products */ = {
			isa = PBXGroup;
			children = (
				AC19A0061AB56EFD00167523 /* mixi.app */,
				AC19A01B1AB56EFD00167523 /* mixiTests.xctest */,
			);
			name = Products;
			sourceTree = "<group>";
		};
		AC19A0081AB56EFD00167523 /* mixi */ = {
			isa = PBXGroup;
			children = (
				AC7CD26F1ABF1F4C007E2B20 /* mixi-Bridging-Header.h */,
				FE3013561AE293AE00003FE2 /* Main.storyboard */,
				AC323AB41ABEA41100F46563 /* views */,
				AC1CF6A41AB72FE30095B58C /* Utility */,
				AC1CF6A51AB73AB20095B58C /* Controller */,
				AC19A0121AB56EFD00167523 /* Images.xcassets */,
				AC30A3981AB99616001054B9 /* module */,
				AC19A0091AB56EFD00167523 /* Supporting Files */,
			);
			path = mixi;
			sourceTree = "<group>";
		};
		AC19A0091AB56EFD00167523 /* Supporting Files */ = {
			isa = PBXGroup;
			children = (
				AC19A00B1AB56EFD00167523 /* AppDelegate.swift */,
				AC37DFCE1AB57ABD00AA6B53 /* Default@2x.png */,
				AC37DFD21AB57B2B00AA6B53 /* Default-568h@2x.png */,
				AC19A00A1AB56EFD00167523 /* Info.plist */,
			);
			name = "Supporting Files";
			sourceTree = "<group>";
		};
		AC19A01E1AB56EFD00167523 /* mixiTests */ = {
			isa = PBXGroup;
			children = (
				AC19A0211AB56EFD00167523 /* mixiTests.swift */,
				AC19A01F1AB56EFD00167523 /* Supporting Files */,
			);
			path = mixiTests;
			sourceTree = "<group>";
		};
		AC19A01F1AB56EFD00167523 /* Supporting Files */ = {
			isa = PBXGroup;
			children = (
				AC19A0201AB56EFD00167523 /* Info.plist */,
			);
			name = "Supporting Files";
			sourceTree = "<group>";
		};
		AC1CF6A41AB72FE30095B58C /* Utility */ = {
			isa = PBXGroup;
			children = (
				AC1CF6A21AB71A0D0095B58C /* ExtendingUIImage.swift */,
				AC19B47D1ABD66BD00E332C1 /* ExtendingUIButton.swift */,
				FE9760091AC85A290041486D /* MBProgressHUD.h */,
				FE97600A1AC85A290041486D /* MBProgressHUD.m */,
				AC30A3941AB9618D001054B9 /* mainColor.swift */,
			);
			name = Utility;
			sourceTree = "<group>";
		};
		AC1CF6A51AB73AB20095B58C /* Controller */ = {
			isa = PBXGroup;
			children = (
				AC118A311ABCA1BC00A1915C /* mainTabbarController.swift */,
				FEEEF8151AC1A64D0050B0D0 /* MyNavigationViewController.swift */,
				AC1CF6A61AB73E1F0095B58C /* InputInfomationViewController.swift */,
				FE1DCEED1AD2F272001F900D /* DaRenPhotoTableViewController.swift */,
				FE8081A61AC6F05D00A70DE3 /* DaRenTableViewController.swift */,
				AC19A00D1AB56EFD00167523 /* ViewController.swift */,
				ACD1EEC71ABEEB60007189A2 /* SlideBarViewController.swift */,
				ACD1EECB1ABEF5E1007189A2 /* SlideViewController.swift */,
				FEB71A4D1ADCFEFA00F7B87F /* DiscoverTableViewController.swift */,
				FEEE33881AD3F74B00707AE1 /* DaRenCommentTableViewController.swift */,
				FEBCF2CA1ADA014400E68BE7 /* CustomerServiceViewController.swift */,
				FEBCF2D21ADA0B1600E68BE7 /* InquiryChatTableViewController.swift */,
				FEBCF2DC1ADA0BDA00E68BE7 /* ComplainViewController.swift */,
				FE27DD2D1AC937F8003A1F2E /* HunLiBuZhiTableViewController.swift */,
				FEEEF80B1AC183A30050B0D0 /* DaRenDetailViewController.swift */,
				FE6823B41AD9DD5500BCAAD4 /* PersonalCenterViewController.swift */,
				ACF5D7BF1ABEB0D300F5904B /* UserCenterTableViewController.swift */,
				AC7CD2081ABF1351007E2B20 /* DaRenViewController.swift */,
				AC7CD20A1ABF1375007E2B20 /* HunLiBuZhiViewController.swift */,
				AC7CD20C1ABF171D007E2B20 /* RegisterViewController.swift */,
			);
			name = Controller;
			sourceTree = "<group>";
		};
		AC30A3981AB99616001054B9 /* module */ = {
			isa = PBXGroup;
			children = (
				AC30A3961AB9960D001054B9 /* registerInfo.swift */,
				FEBCF2EE1ADA22C100E68BE7 /* ChatData.swift */,
				FE9598771AE2B231005F73CE /* Message.swift */,
				FEB71A571ADD195500F7B87F /* DiscoverData.swift */,
			);
			name = module;
			sourceTree = "<group>";
		};
		AC323AB41ABEA41100F46563 /* views */ = {
			isa = PBXGroup;
			children = (
				FEDFADA91AC0093D0005464A /* TabBarView.xib */,
				FE27DD2F1AC940FB003A1F2E /* HunLiBuZhiTableViewCell.swift */,
				FEDFADAB1AC021D70005464A /* MyTabBarButton.swift */,
				FE8081A81AC6F0C500A70DE3 /* DaRenTableViewCell.swift */,
				FE9B17F01ACB347D0052A9FD /* DaRenExcelView.swift */,
				FE929E981ACB82160095F04A /* DaRenHeader.xib */,
				FEEE33BC1AD4042900707AE1 /* DaRenCommentTableViewCell.swift */,
				FEEEF8131AC198ED0050B0D0 /* DaRenHeaderView.swift */,
				FE6823941AD9B7A700BCAAD4 /* BookedBuZhiTableViewCell.swift */,
				FE68239E1AD9B84000BCAAD4 /* BookedDaRenTableViewCell.swift */,
				FEB71A531ADD03A000F7B87F /* DiscoverTableViewCell.swift */,
				FE30134A1AE28A3500003FE2 /* DiscoverDetailedTableViewCell.swift */,
				FE1DCEF11AD2FC9F001F900D /* DaRenPhotoTableViewCell.swift */,
				FEBCF2DE1ADA10BC00E68BE7 /* ChatTableViewCell.swift */,
				FEBCF2E01ADA118800E68BE7 /* ChatOppTableViewCell.swift */,
				FEDFADAF1AC047E10005464A /* HeartTabBsrButton.swift */,
				FEDFADAD1AC023610005464A /* MyTabBar.swift */,
				FE9598751AE2B183005F73CE /* MessageBubbleCell.swift */,
			);
			name = views;
			sourceTree = "<group>";
		};
/* End PBXGroup section */

/* Begin PBXNativeTarget section */
		AC19A0051AB56EFD00167523 /* mixi */ = {
			isa = PBXNativeTarget;
			buildConfigurationList = AC19A0251AB56EFD00167523 /* Build configuration list for PBXNativeTarget "mixi" */;
			buildPhases = (
				AC19A0021AB56EFD00167523 /* Sources */,
				AC19A0031AB56EFD00167523 /* Frameworks */,
				AC19A0041AB56EFD00167523 /* Resources */,
			);
			buildRules = (
			);
			dependencies = (
			);
			name = mixi;
			productName = mixi;
			productReference = AC19A0061AB56EFD00167523 /* mixi.app */;
			productType = "com.apple.product-type.application";
		};
		AC19A01A1AB56EFD00167523 /* mixiTests */ = {
			isa = PBXNativeTarget;
			buildConfigurationList = AC19A0281AB56EFD00167523 /* Build configuration list for PBXNativeTarget "mixiTests" */;
			buildPhases = (
				AC19A0171AB56EFD00167523 /* Sources */,
				AC19A0181AB56EFD00167523 /* Frameworks */,
				AC19A0191AB56EFD00167523 /* Resources */,
			);
			buildRules = (
			);
			dependencies = (
				AC19A01D1AB56EFD00167523 /* PBXTargetDependency */,
			);
			name = mixiTests;
			productName = mixiTests;
			productReference = AC19A01B1AB56EFD00167523 /* mixiTests.xctest */;
			productType = "com.apple.product-type.bundle.unit-test";
		};
/* End PBXNativeTarget section */

/* Begin PBXProject section */
		AC199FFE1AB56EFD00167523 /* Project object */ = {
			isa = PBXProject;
			attributes = {
				LastUpgradeCheck = 0620;
				ORGANIZATIONNAME = LuRock;
				TargetAttributes = {
					AC19A0051AB56EFD00167523 = {
						CreatedOnToolsVersion = 6.2;
						DevelopmentTeam = 99ZNA7BG5M;
					};
					AC19A01A1AB56EFD00167523 = {
						CreatedOnToolsVersion = 6.2;
						TestTargetID = AC19A0051AB56EFD00167523;
					};
				};
			};
			buildConfigurationList = AC19A0011AB56EFD00167523 /* Build configuration list for PBXProject "mixi" */;
			compatibilityVersion = "Xcode 3.2";
			developmentRegion = English;
			hasScannedForEncodings = 0;
			knownRegions = (
				en,
				Base,
			);
			mainGroup = AC199FFD1AB56EFD00167523;
			productRefGroup = AC19A0071AB56EFD00167523 /* Products */;
			projectDirPath = "";
			projectRoot = "";
			targets = (
				AC19A0051AB56EFD00167523 /* mixi */,
				AC19A01A1AB56EFD00167523 /* mixiTests */,
			);
		};
/* End PBXProject section */

/* Begin PBXResourcesBuildPhase section */
		AC19A0041AB56EFD00167523 /* Resources */ = {
			isa = PBXResourcesBuildPhase;
			buildActionMask = 2147483647;
			files = (
				AC37DFCF1AB57ABD00AA6B53 /* Default@2x.png in Resources */,
				FE929E991ACB82160095F04A /* DaRenHeader.xib in Resources */,
				AC37DFD31AB57B2B00AA6B53 /* Default-568h@2x.png in Resources */,
				FE3013571AE293AE00003FE2 /* Main.storyboard in Resources */,
				FEDFADAA1AC0093E0005464A /* TabBarView.xib in Resources */,
				AC19A0131AB56EFD00167523 /* Images.xcassets in Resources */,
			);
			runOnlyForDeploymentPostprocessing = 0;
		};
		AC19A0191AB56EFD00167523 /* Resources */ = {
			isa = PBXResourcesBuildPhase;
			buildActionMask = 2147483647;
			files = (
			);
			runOnlyForDeploymentPostprocessing = 0;
		};
/* End PBXResourcesBuildPhase section */

/* Begin PBXSourcesBuildPhase section */
		AC19A0021AB56EFD00167523 /* Sources */ = {
			isa = PBXSourcesBuildPhase;
			buildActionMask = 2147483647;
			files = (
				FEEEF80C1AC183A30050B0D0 /* DaRenDetailViewController.swift in Sources */,
				FEEEF8161AC1A64D0050B0D0 /* MyNavigationViewController.swift in Sources */,
				AC1CF6A31AB71A0D0095B58C /* ExtendingUIImage.swift in Sources */,
				FEBCF2E11ADA118800E68BE7 /* ChatOppTableViewCell.swift in Sources */,
				AC7CD2091ABF1351007E2B20 /* DaRenViewController.swift in Sources */,
				ACD1EEC91ABEEB60007189A2 /* SlideBarViewController.swift in Sources */,
				FEDFADB01AC047E10005464A /* HeartTabBsrButton.swift in Sources */,
				FEBCF2CB1ADA014500E68BE7 /* CustomerServiceViewController.swift in Sources */,
				FEBCF2DF1ADA10BC00E68BE7 /* ChatTableViewCell.swift in Sources */,
				FEBCF2EF1ADA22C100E68BE7 /* ChatData.swift in Sources */,
				FE1DCEEF1AD2F272001F900D /* DaRenPhotoTableViewController.swift in Sources */,
				FE1DCEF21AD2FC9F001F900D /* DaRenPhotoTableViewCell.swift in Sources */,
				FE9598781AE2B231005F73CE /* Message.swift in Sources */,
				FE27DD301AC940FB003A1F2E /* HunLiBuZhiTableViewCell.swift in Sources */,
				FE9B17F11ACB347D0052A9FD /* DaRenExcelView.swift in Sources */,
				FE97600B1AC85A290041486D /* MBProgressHUD.m in Sources */,
				AC30A3951AB9618D001054B9 /* mainColor.swift in Sources */,
				FEEE33BD1AD4042900707AE1 /* DaRenCommentTableViewCell.swift in Sources */,
				AC19B47E1ABD66BD00E332C1 /* ExtendingUIButton.swift in Sources */,
				FE6823B51AD9DD5500BCAAD4 /* PersonalCenterViewController.swift in Sources */,
				ACF5D7C01ABEB0D300F5904B /* UserCenterTableViewController.swift in Sources */,
				FEBCF2DD1ADA0BDA00E68BE7 /* ComplainViewController.swift in Sources */,
				AC7CD20D1ABF171D007E2B20 /* RegisterViewController.swift in Sources */,
				AC19A00E1AB56EFD00167523 /* ViewController.swift in Sources */,
				AC19A00C1AB56EFD00167523 /* AppDelegate.swift in Sources */,
				ACD1EECC1ABEF5E1007189A2 /* SlideViewController.swift in Sources */,
				FEDFADAE1AC023610005464A /* MyTabBar.swift in Sources */,
				FEEE33891AD3F74B00707AE1 /* DaRenCommentTableViewController.swift in Sources */,
				FE9598761AE2B183005F73CE /* MessageBubbleCell.swift in Sources */,
				FE27DD2E1AC937F8003A1F2E /* HunLiBuZhiTableViewController.swift in Sources */,
				FEB71A541ADD03A000F7B87F /* DiscoverTableViewCell.swift in Sources */,
				AC7CD20B1ABF1375007E2B20 /* HunLiBuZhiViewController.swift in Sources */,
				FE30134B1AE28A3500003FE2 /* DiscoverDetailedTableViewCell.swift in Sources */,
				AC30A3971AB9960D001054B9 /* registerInfo.swift in Sources */,
				FEDFADAC1AC021D70005464A /* MyTabBarButton.swift in Sources */,
				AC118A321ABCA1BC00A1915C /* mainTabbarController.swift in Sources */,
				FE68239F1AD9B84000BCAAD4 /* BookedDaRenTableViewCell.swift in Sources */,
				FE6823951AD9B7A700BCAAD4 /* BookedBuZhiTableViewCell.swift in Sources */,
				FEEEF8141AC198ED0050B0D0 /* DaRenHeaderView.swift in Sources */,
				FE8081A91AC6F0C500A70DE3 /* DaRenTableViewCell.swift in Sources */,
				FEB71A581ADD195500F7B87F /* DiscoverData.swift in Sources */,
				FEBCF2D31ADA0B1600E68BE7 /* InquiryChatTableViewController.swift in Sources */,
				FE8081A71AC6F05D00A70DE3 /* DaRenTableViewController.swift in Sources */,
				FEB71A4E1ADCFEFA00F7B87F /* DiscoverTableViewController.swift in Sources */,
				AC1CF6A71AB73E1F0095B58C /* InputInfomationViewController.swift in Sources */,
			);
			runOnlyForDeploymentPostprocessing = 0;
		};
		AC19A0171AB56EFD00167523 /* Sources */ = {
			isa = PBXSourcesBuildPhase;
			buildActionMask = 2147483647;
			files = (
				AC19A0221AB56EFD00167523 /* mixiTests.swift in Sources */,
			);
			runOnlyForDeploymentPostprocessing = 0;
		};
/* End PBXSourcesBuildPhase section */

/* Begin PBXTargetDependency section */
		AC19A01D1AB56EFD00167523 /* PBXTargetDependency */ = {
			isa = PBXTargetDependency;
			target = AC19A0051AB56EFD00167523 /* mixi */;
			targetProxy = AC19A01C1AB56EFD00167523 /* PBXContainerItemProxy */;
		};
/* End PBXTargetDependency section */

/* Begin XCBuildConfiguration section */
		AC19A0231AB56EFD00167523 /* Debug */ = {
			isa = XCBuildConfiguration;
			buildSettings = {
				ALWAYS_SEARCH_USER_PATHS = NO;
				CLANG_CXX_LANGUAGE_STANDARD = "gnu++0x";
				CLANG_CXX_LIBRARY = "libc++";
				CLANG_ENABLE_MODULES = YES;
				CLANG_ENABLE_OBJC_ARC = YES;
				CLANG_WARN_BOOL_CONVERSION = YES;
				CLANG_WARN_CONSTANT_CONVERSION = YES;
				CLANG_WARN_DIRECT_OBJC_ISA_USAGE = YES_ERROR;
				CLANG_WARN_EMPTY_BODY = YES;
				CLANG_WARN_ENUM_CONVERSION = YES;
				CLANG_WARN_INT_CONVERSION = YES;
				CLANG_WARN_OBJC_ROOT_CLASS = YES_ERROR;
				CLANG_WARN_UNREACHABLE_CODE = YES;
				CLANG_WARN__DUPLICATE_METHOD_MATCH = YES;
				"CODE_SIGN_IDENTITY[sdk=iphoneos*]" = "iPhone Developer";
				COPY_PHASE_STRIP = NO;
				ENABLE_STRICT_OBJC_MSGSEND = YES;
				GCC_C_LANGUAGE_STANDARD = gnu99;
				GCC_DYNAMIC_NO_PIC = NO;
				GCC_OPTIMIZATION_LEVEL = 0;
				GCC_PREPROCESSOR_DEFINITIONS = (
					"DEBUG=1",
					"$(inherited)",
				);
				GCC_SYMBOLS_PRIVATE_EXTERN = NO;
				GCC_WARN_64_TO_32_BIT_CONVERSION = YES;
				GCC_WARN_ABOUT_RETURN_TYPE = YES_ERROR;
				GCC_WARN_UNDECLARED_SELECTOR = YES;
				GCC_WARN_UNINITIALIZED_AUTOS = YES_AGGRESSIVE;
				GCC_WARN_UNUSED_FUNCTION = YES;
				GCC_WARN_UNUSED_VARIABLE = YES;
				IPHONEOS_DEPLOYMENT_TARGET = 8.2;
				MTL_ENABLE_DEBUG_INFO = YES;
				ONLY_ACTIVE_ARCH = YES;
				SDKROOT = iphoneos;
				SWIFT_OPTIMIZATION_LEVEL = "-Onone";
			};
			name = Debug;
		};
		AC19A0241AB56EFD00167523 /* Release */ = {
			isa = XCBuildConfiguration;
			buildSettings = {
				ALWAYS_SEARCH_USER_PATHS = NO;
				CLANG_CXX_LANGUAGE_STANDARD = "gnu++0x";
				CLANG_CXX_LIBRARY = "libc++";
				CLANG_ENABLE_MODULES = YES;
				CLANG_ENABLE_OBJC_ARC = YES;
				CLANG_WARN_BOOL_CONVERSION = YES;
				CLANG_WARN_CONSTANT_CONVERSION = YES;
				CLANG_WARN_DIRECT_OBJC_ISA_USAGE = YES_ERROR;
				CLANG_WARN_EMPTY_BODY = YES;
				CLANG_WARN_ENUM_CONVERSION = YES;
				CLANG_WARN_INT_CONVERSION = YES;
				CLANG_WARN_OBJC_ROOT_CLASS = YES_ERROR;
				CLANG_WARN_UNREACHABLE_CODE = YES;
				CLANG_WARN__DUPLICATE_METHOD_MATCH = YES;
				"CODE_SIGN_IDENTITY[sdk=iphoneos*]" = "iPhone Developer";
				COPY_PHASE_STRIP = NO;
				ENABLE_NS_ASSERTIONS = NO;
				ENABLE_STRICT_OBJC_MSGSEND = YES;
				GCC_C_LANGUAGE_STANDARD = gnu99;
				GCC_WARN_64_TO_32_BIT_CONVERSION = YES;
				GCC_WARN_ABOUT_RETURN_TYPE = YES_ERROR;
				GCC_WARN_UNDECLARED_SELECTOR = YES;
				GCC_WARN_UNINITIALIZED_AUTOS = YES_AGGRESSIVE;
				GCC_WARN_UNUSED_FUNCTION = YES;
				GCC_WARN_UNUSED_VARIABLE = YES;
				IPHONEOS_DEPLOYMENT_TARGET = 8.2;
				MTL_ENABLE_DEBUG_INFO = NO;
				SDKROOT = iphoneos;
				VALIDATE_PRODUCT = YES;
			};
			name = Release;
		};
		AC19A0261AB56EFD00167523 /* Debug */ = {
			isa = XCBuildConfiguration;
			buildSettings = {
				ASSETCATALOG_COMPILER_APPICON_NAME = "AppIcon-2";
				ASSETCATALOG_COMPILER_LAUNCHIMAGE_NAME = LaunchImage;
				CODE_SIGN_IDENTITY = "iPhone Developer";
				"CODE_SIGN_IDENTITY[sdk=iphoneos*]" = "iPhone Developer";
				INFOPLIST_FILE = mixi/Info.plist;
				IPHONEOS_DEPLOYMENT_TARGET = 7.0;
				LD_RUNPATH_SEARCH_PATHS = "$(inherited) @executable_path/Frameworks";
				PRODUCT_NAME = "$(TARGET_NAME)";
				PROVISIONING_PROFILE = "";
				SWIFT_INSTALL_OBJC_HEADER = YES;
				SWIFT_OBJC_BRIDGING_HEADER = "mixi-Bridging-Header.h";
				TARGETED_DEVICE_FAMILY = 1;
			};
			name = Debug;
		};
		AC19A0271AB56EFD00167523 /* Release */ = {
			isa = XCBuildConfiguration;
			buildSettings = {
				ASSETCATALOG_COMPILER_APPICON_NAME = "AppIcon-2";
				ASSETCATALOG_COMPILER_LAUNCHIMAGE_NAME = LaunchImage;
				CODE_SIGN_IDENTITY = "iPhone Developer";
				"CODE_SIGN_IDENTITY[sdk=iphoneos*]" = "iPhone Developer";
				INFOPLIST_FILE = mixi/Info.plist;
				IPHONEOS_DEPLOYMENT_TARGET = 7.0;
				LD_RUNPATH_SEARCH_PATHS = "$(inherited) @executable_path/Frameworks";
				PRODUCT_NAME = "$(TARGET_NAME)";
				PROVISIONING_PROFILE = "";
				SWIFT_INSTALL_OBJC_HEADER = YES;
				SWIFT_OBJC_BRIDGING_HEADER = "mixi-Bridging-Header.h";
				TARGETED_DEVICE_FAMILY = 1;
			};
			name = Release;
		};
		AC19A0291AB56EFD00167523 /* Debug */ = {
			isa = XCBuildConfiguration;
			buildSettings = {
				BUNDLE_LOADER = "$(TEST_HOST)";
				FRAMEWORK_SEARCH_PATHS = (
					"$(SDKROOT)/Developer/Library/Frameworks",
					"$(inherited)",
				);
				GCC_PREPROCESSOR_DEFINITIONS = (
					"DEBUG=1",
					"$(inherited)",
				);
				INFOPLIST_FILE = mixiTests/Info.plist;
				LD_RUNPATH_SEARCH_PATHS = "$(inherited) @executable_path/Frameworks @loader_path/Frameworks";
				PRODUCT_NAME = "$(TARGET_NAME)";
				TEST_HOST = "$(BUILT_PRODUCTS_DIR)/mixi.app/mixi";
			};
			name = Debug;
		};
		AC19A02A1AB56EFD00167523 /* Release */ = {
			isa = XCBuildConfiguration;
			buildSettings = {
				BUNDLE_LOADER = "$(TEST_HOST)";
				FRAMEWORK_SEARCH_PATHS = (
					"$(SDKROOT)/Developer/Library/Frameworks",
					"$(inherited)",
				);
				INFOPLIST_FILE = mixiTests/Info.plist;
				LD_RUNPATH_SEARCH_PATHS = "$(inherited) @executable_path/Frameworks @loader_path/Frameworks";
				PRODUCT_NAME = "$(TARGET_NAME)";
				TEST_HOST = "$(BUILT_PRODUCTS_DIR)/mixi.app/mixi";
			};
			name = Release;
		};
/* End XCBuildConfiguration section */

/* Begin XCConfigurationList section */
		AC19A0011AB56EFD00167523 /* Build configuration list for PBXProject "mixi" */ = {
			isa = XCConfigurationList;
			buildConfigurations = (
				AC19A0231AB56EFD00167523 /* Debug */,
				AC19A0241AB56EFD00167523 /* Release */,
			);
			defaultConfigurationIsVisible = 0;
			defaultConfigurationName = Release;
		};
		AC19A0251AB56EFD00167523 /* Build configuration list for PBXNativeTarget "mixi" */ = {
			isa = XCConfigurationList;
			buildConfigurations = (
				AC19A0261AB56EFD00167523 /* Debug */,
				AC19A0271AB56EFD00167523 /* Release */,
			);
			defaultConfigurationIsVisible = 0;
			defaultConfigurationName = Release;
		};
		AC19A0281AB56EFD00167523 /* Build configuration list for PBXNativeTarget "mixiTests" */ = {
			isa = XCConfigurationList;
			buildConfigurations = (
				AC19A0291AB56EFD00167523 /* Debug */,
				AC19A02A1AB56EFD00167523 /* Release */,
			);
			defaultConfigurationIsVisible = 0;
			defaultConfigurationName = Release;
		};
/* End XCConfigurationList section */
	};
	rootObject = AC199FFE1AB56EFD00167523 /* Project object */;
}
