// !$*UTF8*$!
{
	archiveVersion = 1;
	classes = {
	};
	objectVersion = 46;
	objects = {

/* Begin PBXBuildFile section */
		FEA33B6D1B0B2F37008FB7A8 /* AppDelegate.swift in Sources */ = {isa = PBXBuildFile; fileRef = FEA33B6C1B0B2F37008FB7A8 /* AppDelegate.swift */; };
		FEA33B6F1B0B2F37008FB7A8 /* ViewController.swift in Sources */ = {isa = PBXBuildFile; fileRef = FEA33B6E1B0B2F37008FB7A8 /* ViewController.swift */; };
		FEA33B721B0B2F37008FB7A8 /* Main.storyboard in Resources */ = {isa = PBXBuildFile; fileRef = FEA33B701B0B2F37008FB7A8 /* Main.storyboard */; };
		FEA33B741B0B2F37008FB7A8 /* Images.xcassets in Resources */ = {isa = PBXBuildFile; fileRef = FEA33B731B0B2F37008FB7A8 /* Images.xcassets */; };
		FEA33B771B0B2F37008FB7A8 /* LaunchScreen.xib in Resources */ = {isa = PBXBuildFile; fileRef = FEA33B751B0B2F37008FB7A8 /* LaunchScreen.xib */; };
		FEA33B831B0B2F38008FB7A8 /* MixiServiceTests.swift in Sources */ = {isa = PBXBuildFile; fileRef = FEA33B821B0B2F38008FB7A8 /* MixiServiceTests.swift */; };
/* End PBXBuildFile section */

/* Begin PBXContainerItemProxy section */
		FEA33B7D1B0B2F38008FB7A8 /* PBXContainerItemProxy */ = {
			isa = PBXContainerItemProxy;
			containerPortal = FEA33B5F1B0B2F37008FB7A8 /* Project object */;
			proxyType = 1;
			remoteGlobalIDString = FEA33B661B0B2F37008FB7A8;
			remoteInfo = MixiService;
		};
/* End PBXContainerItemProxy section */

/* Begin PBXFileReference section */
		FEA33B671B0B2F37008FB7A8 /* MixiService.app */ = {isa = PBXFileReference; explicitFileType = wrapper.application; includeInIndex = 0; path = MixiService.app; sourceTree = BUILT_PRODUCTS_DIR; };
		FEA33B6B1B0B2F37008FB7A8 /* Info.plist */ = {isa = PBXFileReference; lastKnownFileType = text.plist.xml; path = Info.plist; sourceTree = "<group>"; };
		FEA33B6C1B0B2F37008FB7A8 /* AppDelegate.swift */ = {isa = PBXFileReference; lastKnownFileType = sourcecode.swift; path = AppDelegate.swift; sourceTree = "<group>"; };
		FEA33B6E1B0B2F37008FB7A8 /* ViewController.swift */ = {isa = PBXFileReference; lastKnownFileType = sourcecode.swift; path = ViewController.swift; sourceTree = "<group>"; };
		FEA33B711B0B2F37008FB7A8 /* Base */ = {isa = PBXFileReference; lastKnownFileType = file.storyboard; name = Base; path = Base.lproj/Main.storyboard; sourceTree = "<group>"; };
		FEA33B731B0B2F37008FB7A8 /* Images.xcassets */ = {isa = PBXFileReference; lastKnownFileType = folder.assetcatalog; path = Images.xcassets; sourceTree = "<group>"; };
		FEA33B761B0B2F37008FB7A8 /* Base */ = {isa = PBXFileReference; lastKnownFileType = file.xib; name = Base; path = Base.lproj/LaunchScreen.xib; sourceTree = "<group>"; };
		FEA33B7C1B0B2F38008FB7A8 /* MixiServiceTests.xctest */ = {isa = PBXFileReference; explicitFileType = wrapper.cfbundle; includeInIndex = 0; path = MixiServiceTests.xctest; sourceTree = BUILT_PRODUCTS_DIR; };
		FEA33B811B0B2F38008FB7A8 /* Info.plist */ = {isa = PBXFileReference; lastKnownFileType = text.plist.xml; path = Info.plist; sourceTree = "<group>"; };
		FEA33B821B0B2F38008FB7A8 /* MixiServiceTests.swift */ = {isa = PBXFileReference; lastKnownFileType = sourcecode.swift; path = MixiServiceTests.swift; sourceTree = "<group>"; };
/* End PBXFileReference section */

/* Begin PBXFrameworksBuildPhase section */
		FEA33B641B0B2F37008FB7A8 /* Frameworks */ = {
			isa = PBXFrameworksBuildPhase;
			buildActionMask = 2147483647;
			files = (
			);
			runOnlyForDeploymentPostprocessing = 0;
		};
		FEA33B791B0B2F38008FB7A8 /* Frameworks */ = {
			isa = PBXFrameworksBuildPhase;
			buildActionMask = 2147483647;
			files = (
			);
			runOnlyForDeploymentPostprocessing = 0;
		};
/* End PBXFrameworksBuildPhase section */

/* Begin PBXGroup section */
		FEA33B5E1B0B2F37008FB7A8 = {
			isa = PBXGroup;
			children = (
				FEA33B691B0B2F37008FB7A8 /* MixiService */,
				FEA33B7F1B0B2F38008FB7A8 /* MixiServiceTests */,
				FEA33B681B0B2F37008FB7A8 /* Products */,
			);
			sourceTree = "<group>";
		};
		FEA33B681B0B2F37008FB7A8 /* Products */ = {
			isa = PBXGroup;
			children = (
				FEA33B671B0B2F37008FB7A8 /* MixiService.app */,
				FEA33B7C1B0B2F38008FB7A8 /* MixiServiceTests.xctest */,
			);
			name = Products;
			sourceTree = "<group>";
		};
		FEA33B691B0B2F37008FB7A8 /* MixiService */ = {
			isa = PBXGroup;
			children = (
				FEA33B6C1B0B2F37008FB7A8 /* AppDelegate.swift */,
				FEA33B6E1B0B2F37008FB7A8 /* ViewController.swift */,
				FEA33B701B0B2F37008FB7A8 /* Main.storyboard */,
				FEA33B731B0B2F37008FB7A8 /* Images.xcassets */,
				FEA33B751B0B2F37008FB7A8 /* LaunchScreen.xib */,
				FEA33B6A1B0B2F37008FB7A8 /* Supporting Files */,
			);
			path = MixiService;
			sourceTree = "<group>";
		};
		FEA33B6A1B0B2F37008FB7A8 /* Supporting Files */ = {
			isa = PBXGroup;
			children = (
				FEA33B6B1B0B2F37008FB7A8 /* Info.plist */,
			);
			name = "Supporting Files";
			sourceTree = "<group>";
		};
		FEA33B7F1B0B2F38008FB7A8 /* MixiServiceTests */ = {
			isa = PBXGroup;
			children = (
				FEA33B821B0B2F38008FB7A8 /* MixiServiceTests.swift */,
				FEA33B801B0B2F38008FB7A8 /* Supporting Files */,
			);
			path = MixiServiceTests;
			sourceTree = "<group>";
		};
		FEA33B801B0B2F38008FB7A8 /* Supporting Files */ = {
			isa = PBXGroup;
			children = (
				FEA33B811B0B2F38008FB7A8 /* Info.plist */,
			);
			name = "Supporting Files";
			sourceTree = "<group>";
		};
/* End PBXGroup section */

/* Begin PBXNativeTarget section */
		FEA33B661B0B2F37008FB7A8 /* MixiService */ = {
			isa = PBXNativeTarget;
			buildConfigurationList = FEA33B861B0B2F38008FB7A8 /* Build configuration list for PBXNativeTarget "MixiService" */;
			buildPhases = (
				FEA33B631B0B2F37008FB7A8 /* Sources */,
				FEA33B641B0B2F37008FB7A8 /* Frameworks */,
				FEA33B651B0B2F37008FB7A8 /* Resources */,
			);
			buildRules = (
			);
			dependencies = (
			);
			name = MixiService;
			productName = MixiService;
			productReference = FEA33B671B0B2F37008FB7A8 /* MixiService.app */;
			productType = "com.apple.product-type.application";
		};
		FEA33B7B1B0B2F38008FB7A8 /* MixiServiceTests */ = {
			isa = PBXNativeTarget;
			buildConfigurationList = FEA33B891B0B2F38008FB7A8 /* Build configuration list for PBXNativeTarget "MixiServiceTests" */;
			buildPhases = (
				FEA33B781B0B2F38008FB7A8 /* Sources */,
				FEA33B791B0B2F38008FB7A8 /* Frameworks */,
				FEA33B7A1B0B2F38008FB7A8 /* Resources */,
			);
			buildRules = (
			);
			dependencies = (
				FEA33B7E1B0B2F38008FB7A8 /* PBXTargetDependency */,
			);
			name = MixiServiceTests;
			productName = MixiServiceTests;
			productReference = FEA33B7C1B0B2F38008FB7A8 /* MixiServiceTests.xctest */;
			productType = "com.apple.product-type.bundle.unit-test";
		};
/* End PBXNativeTarget section */

/* Begin PBXProject section */
		FEA33B5F1B0B2F37008FB7A8 /* Project object */ = {
			isa = PBXProject;
			attributes = {
				LastUpgradeCheck = 0630;
				ORGANIZATIONNAME = LuRock;
				TargetAttributes = {
					FEA33B661B0B2F37008FB7A8 = {
						CreatedOnToolsVersion = 6.3.1;
					};
					FEA33B7B1B0B2F38008FB7A8 = {
						CreatedOnToolsVersion = 6.3.1;
						TestTargetID = FEA33B661B0B2F37008FB7A8;
					};
				};
			};
			buildConfigurationList = FEA33B621B0B2F37008FB7A8 /* Build configuration list for PBXProject "MixiService" */;
			compatibilityVersion = "Xcode 3.2";
			developmentRegion = English;
			hasScannedForEncodings = 0;
			knownRegions = (
				en,
				Base,
			);
			mainGroup = FEA33B5E1B0B2F37008FB7A8;
			productRefGroup = FEA33B681B0B2F37008FB7A8 /* Products */;
			projectDirPath = "";
			projectRoot = "";
			targets = (
				FEA33B661B0B2F37008FB7A8 /* MixiService */,
				FEA33B7B1B0B2F38008FB7A8 /* MixiServiceTests */,
			);
		};
/* End PBXProject section */

/* Begin PBXResourcesBuildPhase section */
		FEA33B651B0B2F37008FB7A8 /* Resources */ = {
			isa = PBXResourcesBuildPhase;
			buildActionMask = 2147483647;
			files = (
				FEA33B721B0B2F37008FB7A8 /* Main.storyboard in Resources */,
				FEA33B771B0B2F37008FB7A8 /* LaunchScreen.xib in Resources */,
				FEA33B741B0B2F37008FB7A8 /* Images.xcassets in Resources */,
			);
			runOnlyForDeploymentPostprocessing = 0;
		};
		FEA33B7A1B0B2F38008FB7A8 /* Resources */ = {
			isa = PBXResourcesBuildPhase;
			buildActionMask = 2147483647;
			files = (
			);
			runOnlyForDeploymentPostprocessing = 0;
		};
/* End PBXResourcesBuildPhase section */

/* Begin PBXSourcesBuildPhase section */
		FEA33B631B0B2F37008FB7A8 /* Sources */ = {
			isa = PBXSourcesBuildPhase;
			buildActionMask = 2147483647;
			files = (
				FEA33B6F1B0B2F37008FB7A8 /* ViewController.swift in Sources */,
				FEA33B6D1B0B2F37008FB7A8 /* AppDelegate.swift in Sources */,
			);
			runOnlyForDeploymentPostprocessing = 0;
		};
		FEA33B781B0B2F38008FB7A8 /* Sources */ = {
			isa = PBXSourcesBuildPhase;
			buildActionMask = 2147483647;
			files = (
				FEA33B831B0B2F38008FB7A8 /* MixiServiceTests.swift in Sources */,
			);
			runOnlyForDeploymentPostprocessing = 0;
		};
/* End PBXSourcesBuildPhase section */

/* Begin PBXTargetDependency section */
		FEA33B7E1B0B2F38008FB7A8 /* PBXTargetDependency */ = {
			isa = PBXTargetDependency;
			target = FEA33B661B0B2F37008FB7A8 /* MixiService */;
			targetProxy = FEA33B7D1B0B2F38008FB7A8 /* PBXContainerItemProxy */;
		};
/* End PBXTargetDependency section */

/* Begin PBXVariantGroup section */
		FEA33B701B0B2F37008FB7A8 /* Main.storyboard */ = {
			isa = PBXVariantGroup;
			children = (
				FEA33B711B0B2F37008FB7A8 /* Base */,
			);
			name = Main.storyboard;
			sourceTree = "<group>";
		};
		FEA33B751B0B2F37008FB7A8 /* LaunchScreen.xib */ = {
			isa = PBXVariantGroup;
			children = (
				FEA33B761B0B2F37008FB7A8 /* Base */,
			);
			name = LaunchScreen.xib;
			sourceTree = "<group>";
		};
/* End PBXVariantGroup section */

/* Begin XCBuildConfiguration section */
		FEA33B841B0B2F38008FB7A8 /* Debug */ = {
			isa = XCBuildConfiguration;
			buildSettings = {
				ALWAYS_SEARCH_USER_PATHS = NO;
				CLANG_CXX_LANGUAGE_STANDARD = "gnu++0x";
				CLANG_CXX_LIBRARY = "libc++";
				CLANG_ENABLE_MODULES = YES;
				CLANG_ENABLE_OBJC_ARC = YES;
				CLANG_WARN_BOOL_CONVERSION = YES;
				CLANG_WARN_CONSTANT_CONVERSION = YES;
				CLANG_WARN_DIRECT_OBJC_ISA_USAGE = YES_ERROR;
				CLANG_WARN_EMPTY_BODY = YES;
				CLANG_WARN_ENUM_CONVERSION = YES;
				CLANG_WARN_INT_CONVERSION = YES;
				CLANG_WARN_OBJC_ROOT_CLASS = YES_ERROR;
				CLANG_WARN_UNREACHABLE_CODE = YES;
				CLANG_WARN__DUPLICATE_METHOD_MATCH = YES;
				"CODE_SIGN_IDENTITY[sdk=iphoneos*]" = "iPhone Developer";
				COPY_PHASE_STRIP = NO;
				DEBUG_INFORMATION_FORMAT = "dwarf-with-dsym";
				ENABLE_STRICT_OBJC_MSGSEND = YES;
				GCC_C_LANGUAGE_STANDARD = gnu99;
				GCC_DYNAMIC_NO_PIC = NO;
				GCC_NO_COMMON_BLOCKS = YES;
				GCC_OPTIMIZATION_LEVEL = 0;
				GCC_PREPROCESSOR_DEFINITIONS = (
					"DEBUG=1",
					"$(inherited)",
				);
				GCC_SYMBOLS_PRIVATE_EXTERN = NO;
				GCC_WARN_64_TO_32_BIT_CONVERSION = YES;
				GCC_WARN_ABOUT_RETURN_TYPE = YES_ERROR;
				GCC_WARN_UNDECLARED_SELECTOR = YES;
				GCC_WARN_UNINITIALIZED_AUTOS = YES_AGGRESSIVE;
				GCC_WARN_UNUSED_FUNCTION = YES;
				GCC_WARN_UNUSED_VARIABLE = YES;
				IPHONEOS_DEPLOYMENT_TARGET = 8.3;
				MTL_ENABLE_DEBUG_INFO = YES;
				ONLY_ACTIVE_ARCH = YES;
				SDKROOT = iphoneos;
				SWIFT_OPTIMIZATION_LEVEL = "-Onone";
			};
			name = Debug;
		};
		FEA33B851B0B2F38008FB7A8 /* Release */ = {
			isa = XCBuildConfiguration;
			buildSettings = {
				ALWAYS_SEARCH_USER_PATHS = NO;
				CLANG_CXX_LANGUAGE_STANDARD = "gnu++0x";
				CLANG_CXX_LIBRARY = "libc++";
				CLANG_ENABLE_MODULES = YES;
				CLANG_ENABLE_OBJC_ARC = YES;
				CLANG_WARN_BOOL_CONVERSION = YES;
				CLANG_WARN_CONSTANT_CONVERSION = YES;
				CLANG_WARN_DIRECT_OBJC_ISA_USAGE = YES_ERROR;
				CLANG_WARN_EMPTY_BODY = YES;
				CLANG_WARN_ENUM_CONVERSION = YES;
				CLANG_WARN_INT_CONVERSION = YES;
				CLANG_WARN_OBJC_ROOT_CLASS = YES_ERROR;
				CLANG_WARN_UNREACHABLE_CODE = YES;
				CLANG_WARN__DUPLICATE_METHOD_MATCH = YES;
				"CODE_SIGN_IDENTITY[sdk=iphoneos*]" = "iPhone Developer";
				COPY_PHASE_STRIP = NO;
				DEBUG_INFORMATION_FORMAT = "dwarf-with-dsym";
				ENABLE_NS_ASSERTIONS = NO;
				ENABLE_STRICT_OBJC_MSGSEND = YES;
				GCC_C_LANGUAGE_STANDARD = gnu99;
				GCC_NO_COMMON_BLOCKS = YES;
				GCC_WARN_64_TO_32_BIT_CONVERSION = YES;
				GCC_WARN_ABOUT_RETURN_TYPE = YES_ERROR;
				GCC_WARN_UNDECLARED_SELECTOR = YES;
				GCC_WARN_UNINITIALIZED_AUTOS = YES_AGGRESSIVE;
				GCC_WARN_UNUSED_FUNCTION = YES;
				GCC_WARN_UNUSED_VARIABLE = YES;
				IPHONEOS_DEPLOYMENT_TARGET = 8.3;
				MTL_ENABLE_DEBUG_INFO = NO;
				SDKROOT = iphoneos;
				VALIDATE_PRODUCT = YES;
			};
			name = Release;
		};
		FEA33B871B0B2F38008FB7A8 /* Debug */ = {
			isa = XCBuildConfiguration;
			buildSettings = {
				ASSETCATALOG_COMPILER_APPICON_NAME = AppIcon;
				INFOPLIST_FILE = MixiService/Info.plist;
				LD_RUNPATH_SEARCH_PATHS = "$(inherited) @executable_path/Frameworks";
				PRODUCT_NAME = "$(TARGET_NAME)";
			};
			name = Debug;
		};
		FEA33B881B0B2F38008FB7A8 /* Release */ = {
			isa = XCBuildConfiguration;
			buildSettings = {
				ASSETCATALOG_COMPILER_APPICON_NAME = AppIcon;
				INFOPLIST_FILE = MixiService/Info.plist;
				LD_RUNPATH_SEARCH_PATHS = "$(inherited) @executable_path/Frameworks";
				PRODUCT_NAME = "$(TARGET_NAME)";
			};
			name = Release;
		};
		FEA33B8A1B0B2F38008FB7A8 /* Debug */ = {
			isa = XCBuildConfiguration;
			buildSettings = {
				BUNDLE_LOADER = "$(TEST_HOST)";
				FRAMEWORK_SEARCH_PATHS = (
					"$(SDKROOT)/Developer/Library/Frameworks",
					"$(inherited)",
				);
				GCC_PREPROCESSOR_DEFINITIONS = (
					"DEBUG=1",
					"$(inherited)",
				);
				INFOPLIST_FILE = MixiServiceTests/Info.plist;
				LD_RUNPATH_SEARCH_PATHS = "$(inherited) @executable_path/Frameworks @loader_path/Frameworks";
				PRODUCT_NAME = "$(TARGET_NAME)";
				TEST_HOST = "$(BUILT_PRODUCTS_DIR)/MixiService.app/MixiService";
			};
			name = Debug;
		};
		FEA33B8B1B0B2F38008FB7A8 /* Release */ = {
			isa = XCBuildConfiguration;
			buildSettings = {
				BUNDLE_LOADER = "$(TEST_HOST)";
				FRAMEWORK_SEARCH_PATHS = (
					"$(SDKROOT)/Developer/Library/Frameworks",
					"$(inherited)",
				);
				INFOPLIST_FILE = MixiServiceTests/Info.plist;
				LD_RUNPATH_SEARCH_PATHS = "$(inherited) @executable_path/Frameworks @loader_path/Frameworks";
				PRODUCT_NAME = "$(TARGET_NAME)";
				TEST_HOST = "$(BUILT_PRODUCTS_DIR)/MixiService.app/MixiService";
			};
			name = Release;
		};
/* End XCBuildConfiguration section */

/* Begin XCConfigurationList section */
		FEA33B621B0B2F37008FB7A8 /* Build configuration list for PBXProject "MixiService" */ = {
			isa = XCConfigurationList;
			buildConfigurations = (
				FEA33B841B0B2F38008FB7A8 /* Debug */,
				FEA33B851B0B2F38008FB7A8 /* Release */,
			);
			defaultConfigurationIsVisible = 0;
			defaultConfigurationName = Release;
		};
		FEA33B861B0B2F38008FB7A8 /* Build configuration list for PBXNativeTarget "MixiService" */ = {
			isa = XCConfigurationList;
			buildConfigurations = (
				FEA33B871B0B2F38008FB7A8 /* Debug */,
				FEA33B881B0B2F38008FB7A8 /* Release */,
			);
			defaultConfigurationIsVisible = 0;
		};
		FEA33B891B0B2F38008FB7A8 /* Build configuration list for PBXNativeTarget "MixiServiceTests" */ = {
			isa = XCConfigurationList;
			buildConfigurations = (
				FEA33B8A1B0B2F38008FB7A8 /* Debug */,
				FEA33B8B1B0B2F38008FB7A8 /* Release */,
			);
			defaultConfigurationIsVisible = 0;
		};
/* End XCConfigurationList section */
	};
	rootObject = FEA33B5F1B0B2F37008FB7A8 /* Project object */;
}
